// !$*UTF8*$!
{
	archiveVersion = 1;
	classes = {
	};
	objectVersion = 46;
	objects = {

/* Begin PBXBuildFile section */
		D2CBCD24185B776C00A5FD11 /* Foundation.framework in Frameworks */ = {isa = PBXBuildFile; fileRef = D2CBCD23185B776C00A5FD11 /* Foundation.framework */; };
		D2CBCD26185B776C00A5FD11 /* CoreGraphics.framework in Frameworks */ = {isa = PBXBuildFile; fileRef = D2CBCD25185B776C00A5FD11 /* CoreGraphics.framework */; };
		D2CBCD28185B776C00A5FD11 /* UIKit.framework in Frameworks */ = {isa = PBXBuildFile; fileRef = D2CBCD27185B776C00A5FD11 /* UIKit.framework */; };
		D2CBCD2A185B776C00A5FD11 /* CoreData.framework in Frameworks */ = {isa = PBXBuildFile; fileRef = D2CBCD29185B776C00A5FD11 /* CoreData.framework */; };
		D2CBCD30185B776C00A5FD11 /* InfoPlist.strings in Resources */ = {isa = PBXBuildFile; fileRef = D2CBCD2E185B776C00A5FD11 /* InfoPlist.strings */; };
		D2CBCD32185B776C00A5FD11 /* main.m in Sources */ = {isa = PBXBuildFile; fileRef = D2CBCD31185B776C00A5FD11 /* main.m */; };
		D2CBCD36185B776C00A5FD11 /* AppDelegate.m in Sources */ = {isa = PBXBuildFile; fileRef = D2CBCD35185B776C00A5FD11 /* AppDelegate.m */; };
		D2CBCD39185B776C00A5FD11 /* Main_iPhone.storyboard in Resources */ = {isa = PBXBuildFile; fileRef = D2CBCD37185B776C00A5FD11 /* Main_iPhone.storyboard */; };
		D2CBCD3C185B776C00A5FD11 /* Main_iPad.storyboard in Resources */ = {isa = PBXBuildFile; fileRef = D2CBCD3A185B776C00A5FD11 /* Main_iPad.storyboard */; };
		D2CBCD3F185B776C00A5FD11 /* CRUD.xcdatamodeld in Sources */ = {isa = PBXBuildFile; fileRef = D2CBCD3D185B776C00A5FD11 /* CRUD.xcdatamodeld */; };
		D2CBCD42185B776C00A5FD11 /* MasterViewController.m in Sources */ = {isa = PBXBuildFile; fileRef = D2CBCD41185B776C00A5FD11 /* MasterViewController.m */; };
		D2CBCD45185B776C00A5FD11 /* DetailViewController.m in Sources */ = {isa = PBXBuildFile; fileRef = D2CBCD44185B776C00A5FD11 /* DetailViewController.m */; };
		D2CBCD47185B776C00A5FD11 /* Images.xcassets in Resources */ = {isa = PBXBuildFile; fileRef = D2CBCD46185B776C00A5FD11 /* Images.xcassets */; };
		D2CBCD4E185B776C00A5FD11 /* XCTest.framework in Frameworks */ = {isa = PBXBuildFile; fileRef = D2CBCD4D185B776C00A5FD11 /* XCTest.framework */; };
		D2CBCD4F185B776C00A5FD11 /* Foundation.framework in Frameworks */ = {isa = PBXBuildFile; fileRef = D2CBCD23185B776C00A5FD11 /* Foundation.framework */; };
		D2CBCD50185B776C00A5FD11 /* UIKit.framework in Frameworks */ = {isa = PBXBuildFile; fileRef = D2CBCD27185B776C00A5FD11 /* UIKit.framework */; };
		D2CBCD51185B776C00A5FD11 /* CoreData.framework in Frameworks */ = {isa = PBXBuildFile; fileRef = D2CBCD29185B776C00A5FD11 /* CoreData.framework */; };
		D2CBCD59185B776C00A5FD11 /* InfoPlist.strings in Resources */ = {isa = PBXBuildFile; fileRef = D2CBCD57185B776C00A5FD11 /* InfoPlist.strings */; };
		D2CBCD5B185B776C00A5FD11 /* CRUDTests.m in Sources */ = {isa = PBXBuildFile; fileRef = D2CBCD5A185B776C00A5FD11 /* CRUDTests.m */; };
/* End PBXBuildFile section */

/* Begin PBXContainerItemProxy section */
		D2CBCD52185B776C00A5FD11 /* PBXContainerItemProxy */ = {
			isa = PBXContainerItemProxy;
			containerPortal = D2CBCD18185B776C00A5FD11 /* Project object */;
			proxyType = 1;
			remoteGlobalIDString = D2CBCD1F185B776C00A5FD11;
			remoteInfo = CRUD;
		};
/* End PBXContainerItemProxy section */

/* Begin PBXFileReference section */
		D2CBCD20185B776C00A5FD11 /* CRUD.app */ = {isa = PBXFileReference; explicitFileType = wrapper.application; includeInIndex = 0; path = CRUD.app; sourceTree = BUILT_PRODUCTS_DIR; };
		D2CBCD23185B776C00A5FD11 /* Foundation.framework */ = {isa = PBXFileReference; lastKnownFileType = wrapper.framework; name = Foundation.framework; path = System/Library/Frameworks/Foundation.framework; sourceTree = SDKROOT; };
		D2CBCD25185B776C00A5FD11 /* CoreGraphics.framework */ = {isa = PBXFileReference; lastKnownFileType = wrapper.framework; name = CoreGraphics.framework; path = System/Library/Frameworks/CoreGraphics.framework; sourceTree = SDKROOT; };
		D2CBCD27185B776C00A5FD11 /* UIKit.framework */ = {isa = PBXFileReference; lastKnownFileType = wrapper.framework; name = UIKit.framework; path = System/Library/Frameworks/UIKit.framework; sourceTree = SDKROOT; };
		D2CBCD29185B776C00A5FD11 /* CoreData.framework */ = {isa = PBXFileReference; lastKnownFileType = wrapper.framework; name = CoreData.framework; path = System/Library/Frameworks/CoreData.framework; sourceTree = SDKROOT; };
		D2CBCD2D185B776C00A5FD11 /* CRUD-Info.plist */ = {isa = PBXFileReference; lastKnownFileType = text.plist.xml; path = "CRUD-Info.plist"; sourceTree = "<group>"; };
		D2CBCD2F185B776C00A5FD11 /* en */ = {isa = PBXFileReference; lastKnownFileType = text.plist.strings; name = en; path = en.lproj/InfoPlist.strings; sourceTree = "<group>"; };
		D2CBCD31185B776C00A5FD11 /* main.m */ = {isa = PBXFileReference; lastKnownFileType = sourcecode.c.objc; path = main.m; sourceTree = "<group>"; };
		D2CBCD33185B776C00A5FD11 /* CRUD-Prefix.pch */ = {isa = PBXFileReference; lastKnownFileType = sourcecode.c.h; path = "CRUD-Prefix.pch"; sourceTree = "<group>"; };
		D2CBCD34185B776C00A5FD11 /* AppDelegate.h */ = {isa = PBXFileReference; lastKnownFileType = sourcecode.c.h; path = AppDelegate.h; sourceTree = "<group>"; };
		D2CBCD35185B776C00A5FD11 /* AppDelegate.m */ = {isa = PBXFileReference; lastKnownFileType = sourcecode.c.objc; path = AppDelegate.m; sourceTree = "<group>"; };
		D2CBCD38185B776C00A5FD11 /* Base */ = {isa = PBXFileReference; lastKnownFileType = file.storyboard; name = Base; path = Base.lproj/Main_iPhone.storyboard; sourceTree = "<group>"; };
		D2CBCD3B185B776C00A5FD11 /* Base */ = {isa = PBXFileReference; lastKnownFileType = file.storyboard; name = Base; path = Base.lproj/Main_iPad.storyboard; sourceTree = "<group>"; };
		D2CBCD3E185B776C00A5FD11 /* CRUD.xcdatamodel */ = {isa = PBXFileReference; lastKnownFileType = wrapper.xcdatamodel; path = CRUD.xcdatamodel; sourceTree = "<group>"; };
		D2CBCD40185B776C00A5FD11 /* MasterViewController.h */ = {isa = PBXFileReference; lastKnownFileType = sourcecode.c.h; path = MasterViewController.h; sourceTree = "<group>"; };
		D2CBCD41185B776C00A5FD11 /* MasterViewController.m */ = {isa = PBXFileReference; lastKnownFileType = sourcecode.c.objc; path = MasterViewController.m; sourceTree = "<group>"; };
		D2CBCD43185B776C00A5FD11 /* DetailViewController.h */ = {isa = PBXFileReference; lastKnownFileType = sourcecode.c.h; path = DetailViewController.h; sourceTree = "<group>"; };
		D2CBCD44185B776C00A5FD11 /* DetailViewController.m */ = {isa = PBXFileReference; lastKnownFileType = sourcecode.c.objc; path = DetailViewController.m; sourceTree = "<group>"; };
		D2CBCD46185B776C00A5FD11 /* Images.xcassets */ = {isa = PBXFileReference; lastKnownFileType = folder.assetcatalog; path = Images.xcassets; sourceTree = "<group>"; };
		D2CBCD4C185B776C00A5FD11 /* CRUDTests.xctest */ = {isa = PBXFileReference; explicitFileType = wrapper.cfbundle; includeInIndex = 0; path = CRUDTests.xctest; sourceTree = BUILT_PRODUCTS_DIR; };
		D2CBCD4D185B776C00A5FD11 /* XCTest.framework */ = {isa = PBXFileReference; lastKnownFileType = wrapper.framework; name = XCTest.framework; path = Library/Frameworks/XCTest.framework; sourceTree = DEVELOPER_DIR; };
		D2CBCD56185B776C00A5FD11 /* CRUDTests-Info.plist */ = {isa = PBXFileReference; lastKnownFileType = text.plist.xml; path = "CRUDTests-Info.plist"; sourceTree = "<group>"; };
		D2CBCD58185B776C00A5FD11 /* en */ = {isa = PBXFileReference; lastKnownFileType = text.plist.strings; name = en; path = en.lproj/InfoPlist.strings; sourceTree = "<group>"; };
		D2CBCD5A185B776C00A5FD11 /* CRUDTests.m */ = {isa = PBXFileReference; lastKnownFileType = sourcecode.c.objc; path = CRUDTests.m; sourceTree = "<group>"; };
/* End PBXFileReference section */

/* Begin PBXFrameworksBuildPhase section */
		D2CBCD1D185B776C00A5FD11 /* Frameworks */ = {
			isa = PBXFrameworksBuildPhase;
			buildActionMask = 2147483647;
			files = (
				D2CBCD26185B776C00A5FD11 /* CoreGraphics.framework in Frameworks */,
				D2CBCD2A185B776C00A5FD11 /* CoreData.framework in Frameworks */,
				D2CBCD28185B776C00A5FD11 /* UIKit.framework in Frameworks */,
				D2CBCD24185B776C00A5FD11 /* Foundation.framework in Frameworks */,
			);
			runOnlyForDeploymentPostprocessing = 0;
		};
		D2CBCD49185B776C00A5FD11 /* Frameworks */ = {
			isa = PBXFrameworksBuildPhase;
			buildActionMask = 2147483647;
			files = (
				D2CBCD4E185B776C00A5FD11 /* XCTest.framework in Frameworks */,
				D2CBCD51185B776C00A5FD11 /* CoreData.framework in Frameworks */,
				D2CBCD50185B776C00A5FD11 /* UIKit.framework in Frameworks */,
				D2CBCD4F185B776C00A5FD11 /* Foundation.framework in Frameworks */,
			);
			runOnlyForDeploymentPostprocessing = 0;
		};
/* End PBXFrameworksBuildPhase section */

/* Begin PBXGroup section */
		D2CBCD17185B776C00A5FD11 = {
			isa = PBXGroup;
			children = (
				D2CBCD2B185B776C00A5FD11 /* CRUD */,
				D2CBCD54185B776C00A5FD11 /* CRUDTests */,
				D2CBCD22185B776C00A5FD11 /* Frameworks */,
				D2CBCD21185B776C00A5FD11 /* Products */,
			);
			sourceTree = "<group>";
		};
		D2CBCD21185B776C00A5FD11 /* Products */ = {
			isa = PBXGroup;
			children = (
				D2CBCD20185B776C00A5FD11 /* CRUD.app */,
				D2CBCD4C185B776C00A5FD11 /* CRUDTests.xctest */,
			);
			name = Products;
			sourceTree = "<group>";
		};
		D2CBCD22185B776C00A5FD11 /* Frameworks */ = {
			isa = PBXGroup;
			children = (
				D2CBCD23185B776C00A5FD11 /* Foundation.framework */,
				D2CBCD25185B776C00A5FD11 /* CoreGraphics.framework */,
				D2CBCD27185B776C00A5FD11 /* UIKit.framework */,
				D2CBCD29185B776C00A5FD11 /* CoreData.framework */,
				D2CBCD4D185B776C00A5FD11 /* XCTest.framework */,
			);
			name = Frameworks;
			sourceTree = "<group>";
		};
		D2CBCD2B185B776C00A5FD11 /* CRUD */ = {
			isa = PBXGroup;
			children = (
				D2CBCD34185B776C00A5FD11 /* AppDelegate.h */,
				D2CBCD35185B776C00A5FD11 /* AppDelegate.m */,
				D2CBCD37185B776C00A5FD11 /* Main_iPhone.storyboard */,
				D2CBCD3A185B776C00A5FD11 /* Main_iPad.storyboard */,
				D2CBCD40185B776C00A5FD11 /* MasterViewController.h */,
				D2CBCD41185B776C00A5FD11 /* MasterViewController.m */,
				D2CBCD43185B776C00A5FD11 /* DetailViewController.h */,
				D2CBCD44185B776C00A5FD11 /* DetailViewController.m */,
				D2CBCD46185B776C00A5FD11 /* Images.xcassets */,
				D2CBCD3D185B776C00A5FD11 /* CRUD.xcdatamodeld */,
				D2CBCD2C185B776C00A5FD11 /* Supporting Files */,
			);
			path = CRUD;
			sourceTree = "<group>";
		};
		D2CBCD2C185B776C00A5FD11 /* Supporting Files */ = {
			isa = PBXGroup;
			children = (
				D2CBCD2D185B776C00A5FD11 /* CRUD-Info.plist */,
				D2CBCD2E185B776C00A5FD11 /* InfoPlist.strings */,
				D2CBCD31185B776C00A5FD11 /* main.m */,
				D2CBCD33185B776C00A5FD11 /* CRUD-Prefix.pch */,
			);
			name = "Supporting Files";
			sourceTree = "<group>";
		};
		D2CBCD54185B776C00A5FD11 /* CRUDTests */ = {
			isa = PBXGroup;
			children = (
				D2CBCD5A185B776C00A5FD11 /* CRUDTests.m */,
				D2CBCD55185B776C00A5FD11 /* Supporting Files */,
			);
			path = CRUDTests;
			sourceTree = "<group>";
		};
		D2CBCD55185B776C00A5FD11 /* Supporting Files */ = {
			isa = PBXGroup;
			children = (
				D2CBCD56185B776C00A5FD11 /* CRUDTests-Info.plist */,
				D2CBCD57185B776C00A5FD11 /* InfoPlist.strings */,
			);
			name = "Supporting Files";
			sourceTree = "<group>";
		};
/* End PBXGroup section */

/* Begin PBXNativeTarget section */
		D2CBCD1F185B776C00A5FD11 /* CRUD */ = {
			isa = PBXNativeTarget;
			buildConfigurationList = D2CBCD5E185B776C00A5FD11 /* Build configuration list for PBXNativeTarget "CRUD" */;
			buildPhases = (
				D2CBCD1C185B776C00A5FD11 /* Sources */,
				D2CBCD1D185B776C00A5FD11 /* Frameworks */,
				D2CBCD1E185B776C00A5FD11 /* Resources */,
			);
			buildRules = (
			);
			dependencies = (
			);
			name = CRUD;
			productName = CRUD;
			productReference = D2CBCD20185B776C00A5FD11 /* CRUD.app */;
			productType = "com.apple.product-type.application";
		};
		D2CBCD4B185B776C00A5FD11 /* CRUDTests */ = {
			isa = PBXNativeTarget;
			buildConfigurationList = D2CBCD61185B776C00A5FD11 /* Build configuration list for PBXNativeTarget "CRUDTests" */;
			buildPhases = (
				D2CBCD48185B776C00A5FD11 /* Sources */,
				D2CBCD49185B776C00A5FD11 /* Frameworks */,
				D2CBCD4A185B776C00A5FD11 /* Resources */,
			);
			buildRules = (
			);
			dependencies = (
				D2CBCD53185B776C00A5FD11 /* PBXTargetDependency */,
			);
			name = CRUDTests;
			productName = CRUDTests;
			productReference = D2CBCD4C185B776C00A5FD11 /* CRUDTests.xctest */;
			productType = "com.apple.product-type.bundle.unit-test";
		};
/* End PBXNativeTarget section */

/* Begin PBXProject section */
		D2CBCD18185B776C00A5FD11 /* Project object */ = {
			isa = PBXProject;
			attributes = {
				LastUpgradeCheck = 0510;
				ORGANIZATIONNAME = "Pinkstone Pictures LLC";
				TargetAttributes = {
					D2CBCD4B185B776C00A5FD11 = {
						TestTargetID = D2CBCD1F185B776C00A5FD11;
					};
				};
			};
			buildConfigurationList = D2CBCD1B185B776C00A5FD11 /* Build configuration list for PBXProject "CRUD" */;
			compatibilityVersion = "Xcode 3.2";
			developmentRegion = English;
			hasScannedForEncodings = 0;
			knownRegions = (
				en,
				Base,
			);
			mainGroup = D2CBCD17185B776C00A5FD11;
			productRefGroup = D2CBCD21185B776C00A5FD11 /* Products */;
			projectDirPath = "";
			projectRoot = "";
			targets = (
				D2CBCD1F185B776C00A5FD11 /* CRUD */,
				D2CBCD4B185B776C00A5FD11 /* CRUDTests */,
			);
		};
/* End PBXProject section */

/* Begin PBXResourcesBuildPhase section */
		D2CBCD1E185B776C00A5FD11 /* Resources */ = {
			isa = PBXResourcesBuildPhase;
			buildActionMask = 2147483647;
			files = (
				D2CBCD3C185B776C00A5FD11 /* Main_iPad.storyboard in Resources */,
				D2CBCD47185B776C00A5FD11 /* Images.xcassets in Resources */,
				D2CBCD39185B776C00A5FD11 /* Main_iPhone.storyboard in Resources */,
				D2CBCD30185B776C00A5FD11 /* InfoPlist.strings in Resources */,
			);
			runOnlyForDeploymentPostprocessing = 0;
		};
		D2CBCD4A185B776C00A5FD11 /* Resources */ = {
			isa = PBXResourcesBuildPhase;
			buildActionMask = 2147483647;
			files = (
				D2CBCD59185B776C00A5FD11 /* InfoPlist.strings in Resources */,
			);
			runOnlyForDeploymentPostprocessing = 0;
		};
/* End PBXResourcesBuildPhase section */

/* Begin PBXSourcesBuildPhase section */
		D2CBCD1C185B776C00A5FD11 /* Sources */ = {
			isa = PBXSourcesBuildPhase;
			buildActionMask = 2147483647;
			files = (
				D2CBCD45185B776C00A5FD11 /* DetailViewController.m in Sources */,
				D2CBCD42185B776C00A5FD11 /* MasterViewController.m in Sources */,
				D2CBCD36185B776C00A5FD11 /* AppDelegate.m in Sources */,
				D2CBCD3F185B776C00A5FD11 /* CRUD.xcdatamodeld in Sources */,
				D2CBCD32185B776C00A5FD11 /* main.m in Sources */,
			);
			runOnlyForDeploymentPostprocessing = 0;
		};
		D2CBCD48185B776C00A5FD11 /* Sources */ = {
			isa = PBXSourcesBuildPhase;
			buildActionMask = 2147483647;
			files = (
				D2CBCD5B185B776C00A5FD11 /* CRUDTests.m in Sources */,
			);
			runOnlyForDeploymentPostprocessing = 0;
		};
/* End PBXSourcesBuildPhase section */

/* Begin PBXTargetDependency section */
		D2CBCD53185B776C00A5FD11 /* PBXTargetDependency */ = {
			isa = PBXTargetDependency;
			target = D2CBCD1F185B776C00A5FD11 /* CRUD */;
			targetProxy = D2CBCD52185B776C00A5FD11 /* PBXContainerItemProxy */;
		};
/* End PBXTargetDependency section */

/* Begin PBXVariantGroup section */
		D2CBCD2E185B776C00A5FD11 /* InfoPlist.strings */ = {
			isa = PBXVariantGroup;
			children = (
				D2CBCD2F185B776C00A5FD11 /* en */,
			);
			name = InfoPlist.strings;
			sourceTree = "<group>";
		};
		D2CBCD37185B776C00A5FD11 /* Main_iPhone.storyboard */ = {
			isa = PBXVariantGroup;
			children = (
				D2CBCD38185B776C00A5FD11 /* Base */,
			);
			name = Main_iPhone.storyboard;
			sourceTree = "<group>";
		};
		D2CBCD3A185B776C00A5FD11 /* Main_iPad.storyboard */ = {
			isa = PBXVariantGroup;
			children = (
				D2CBCD3B185B776C00A5FD11 /* Base */,
			);
			name = Main_iPad.storyboard;
			sourceTree = "<group>";
		};
		D2CBCD57185B776C00A5FD11 /* InfoPlist.strings */ = {
			isa = PBXVariantGroup;
			children = (
				D2CBCD58185B776C00A5FD11 /* en */,
			);
			name = InfoPlist.strings;
			sourceTree = "<group>";
		};
/* End PBXVariantGroup section */

/* Begin XCBuildConfiguration section */
		D2CBCD5C185B776C00A5FD11 /* Debug */ = {
			isa = XCBuildConfiguration;
			buildSettings = {
				ALWAYS_SEARCH_USER_PATHS = NO;
				ARCHS = "$(ARCHS_STANDARD_INCLUDING_64_BIT)";
				CLANG_CXX_LANGUAGE_STANDARD = "gnu++0x";
				CLANG_CXX_LIBRARY = "libc++";
				CLANG_ENABLE_MODULES = YES;
				CLANG_ENABLE_OBJC_ARC = YES;
				CLANG_WARN_BOOL_CONVERSION = YES;
				CLANG_WARN_CONSTANT_CONVERSION = YES;
				CLANG_WARN_DIRECT_OBJC_ISA_USAGE = YES_ERROR;
				CLANG_WARN_EMPTY_BODY = YES;
				CLANG_WARN_ENUM_CONVERSION = YES;
				CLANG_WARN_INT_CONVERSION = YES;
				CLANG_WARN_OBJC_ROOT_CLASS = YES_ERROR;
				CLANG_WARN__DUPLICATE_METHOD_MATCH = YES;
				"CODE_SIGN_IDENTITY[sdk=iphoneos*]" = "iPhone Developer";
				COPY_PHASE_STRIP = NO;
				GCC_C_LANGUAGE_STANDARD = gnu99;
				GCC_DYNAMIC_NO_PIC = NO;
				GCC_OPTIMIZATION_LEVEL = 0;
				GCC_PREPROCESSOR_DEFINITIONS = (
					"DEBUG=1",
					"$(inherited)",
				);
				GCC_SYMBOLS_PRIVATE_EXTERN = NO;
				GCC_WARN_64_TO_32_BIT_CONVERSION = YES;
				GCC_WARN_ABOUT_RETURN_TYPE = YES_ERROR;
				GCC_WARN_UNDECLARED_SELECTOR = YES;
				GCC_WARN_UNINITIALIZED_AUTOS = YES_AGGRESSIVE;
				GCC_WARN_UNUSED_FUNCTION = YES;
				GCC_WARN_UNUSED_VARIABLE = YES;
				IPHONEOS_DEPLOYMENT_TARGET = 7.1;
				ONLY_ACTIVE_ARCH = YES;
				SDKROOT = iphoneos;
				TARGETED_DEVICE_FAMILY = "1,2";
			};
			name = Debug;
		};
		D2CBCD5D185B776C00A5FD11 /* Release */ = {
			isa = XCBuildConfiguration;
			buildSettings = {
				ALWAYS_SEARCH_USER_PATHS = NO;
				ARCHS = "$(ARCHS_STANDARD_INCLUDING_64_BIT)";
				CLANG_CXX_LANGUAGE_STANDARD = "gnu++0x";
				CLANG_CXX_LIBRARY = "libc++";
				CLANG_ENABLE_MODULES = YES;
				CLANG_ENABLE_OBJC_ARC = YES;
				CLANG_WARN_BOOL_CONVERSION = YES;
				CLANG_WARN_CONSTANT_CONVERSION = YES;
				CLANG_WARN_DIRECT_OBJC_ISA_USAGE = YES_ERROR;
				CLANG_WARN_EMPTY_BODY = YES;
				CLANG_WARN_ENUM_CONVERSION = YES;
				CLANG_WARN_INT_CONVERSION = YES;
				CLANG_WARN_OBJC_ROOT_CLASS = YES_ERROR;
				CLANG_WARN__DUPLICATE_METHOD_MATCH = YES;
				"CODE_SIGN_IDENTITY[sdk=iphoneos*]" = "iPhone Developer";
				COPY_PHASE_STRIP = YES;
				ENABLE_NS_ASSERTIONS = NO;
				GCC_C_LANGUAGE_STANDARD = gnu99;
				GCC_WARN_64_TO_32_BIT_CONVERSION = YES;
				GCC_WARN_ABOUT_RETURN_TYPE = YES_ERROR;
				GCC_WARN_UNDECLARED_SELECTOR = YES;
				GCC_WARN_UNINITIALIZED_AUTOS = YES_AGGRESSIVE;
				GCC_WARN_UNUSED_FUNCTION = YES;
				GCC_WARN_UNUSED_VARIABLE = YES;
				IPHONEOS_DEPLOYMENT_TARGET = 7.1;
				SDKROOT = iphoneos;
				TARGETED_DEVICE_FAMILY = "1,2";
				VALIDATE_PRODUCT = YES;
			};
			name = Release;
		};
		D2CBCD5F185B776C00A5FD11 /* Debug */ = {
			isa = XCBuildConfiguration;
			buildSettings = {
				ASSETCATALOG_COMPILER_APPICON_NAME = AppIcon;
				ASSETCATALOG_COMPILER_LAUNCHIMAGE_NAME = LaunchImage;
				GCC_PRECOMPILE_PREFIX_HEADER = YES;
				GCC_PREFIX_HEADER = "CRUD/CRUD-Prefix.pch";
				INFOPLIST_FILE = "CRUD/CRUD-Info.plist";
				PRODUCT_NAME = "$(TARGET_NAME)";
				WRAPPER_EXTENSION = app;
			};
			name = Debug;
		};
		D2CBCD60185B776C00A5FD11 /* Release */ = {
			isa = XCBuildConfiguration;
			buildSettings = {
				ASSETCATALOG_COMPILER_APPICON_NAME = AppIcon;
				ASSETCATALOG_COMPILER_LAUNCHIMAGE_NAME = LaunchImage;
				GCC_PRECOMPILE_PREFIX_HEADER = YES;
				GCC_PREFIX_HEADER = "CRUD/CRUD-Prefix.pch";
				INFOPLIST_FILE = "CRUD/CRUD-Info.plist";
				PRODUCT_NAME = "$(TARGET_NAME)";
				WRAPPER_EXTENSION = app;
			};
			name = Release;
		};
		D2CBCD62185B776C00A5FD11 /* Debug */ = {
			isa = XCBuildConfiguration;
			buildSettings = {
				ARCHS = "$(ARCHS_STANDARD_INCLUDING_64_BIT)";
				BUNDLE_LOADER = "$(BUILT_PRODUCTS_DIR)/CRUD.app/CRUD";
				FRAMEWORK_SEARCH_PATHS = (
					"$(SDKROOT)/Developer/Library/Frameworks",
					"$(inherited)",
					"$(DEVELOPER_FRAMEWORKS_DIR)",
				);
				GCC_PRECOMPILE_PREFIX_HEADER = YES;
				GCC_PREFIX_HEADER = "CRUD/CRUD-Prefix.pch";
				GCC_PREPROCESSOR_DEFINITIONS = (
					"DEBUG=1",
					"$(inherited)",
				);
				INFOPLIST_FILE = "CRUDTests/CRUDTests-Info.plist";
				PRODUCT_NAME = "$(TARGET_NAME)";
				TEST_HOST = "$(BUNDLE_LOADER)";
				WRAPPER_EXTENSION = xctest;
			};
			name = Debug;
		};
		D2CBCD63185B776C00A5FD11 /* Release */ = {
			isa = XCBuildConfiguration;
			buildSettings = {
				ARCHS = "$(ARCHS_STANDARD_INCLUDING_64_BIT)";
				BUNDLE_LOADER = "$(BUILT_PRODUCTS_DIR)/CRUD.app/CRUD";
				FRAMEWORK_SEARCH_PATHS = (
					"$(SDKROOT)/Developer/Library/Frameworks",
					"$(inherited)",
					"$(DEVELOPER_FRAMEWORKS_DIR)",
				);
				GCC_PRECOMPILE_PREFIX_HEADER = YES;
				GCC_PREFIX_HEADER = "CRUD/CRUD-Prefix.pch";
				INFOPLIST_FILE = "CRUDTests/CRUDTests-Info.plist";
				PRODUCT_NAME = "$(TARGET_NAME)";
				TEST_HOST = "$(BUNDLE_LOADER)";
				WRAPPER_EXTENSION = xctest;
			};
			name = Release;
		};
/* End XCBuildConfiguration section */

/* Begin XCConfigurationList section */
		D2CBCD1B185B776C00A5FD11 /* Build configuration list for PBXProject "CRUD" */ = {
			isa = XCConfigurationList;
			buildConfigurations = (
				D2CBCD5C185B776C00A5FD11 /* Debug */,
				D2CBCD5D185B776C00A5FD11 /* Release */,
			);
			defaultConfigurationIsVisible = 0;
			defaultConfigurationName = Release;
		};
		D2CBCD5E185B776C00A5FD11 /* Build configuration list for PBXNativeTarget "CRUD" */ = {
			isa = XCConfigurationList;
			buildConfigurations = (
				D2CBCD5F185B776C00A5FD11 /* Debug */,
				D2CBCD60185B776C00A5FD11 /* Release */,
			);
			defaultConfigurationIsVisible = 0;
		};
		D2CBCD61185B776C00A5FD11 /* Build configuration list for PBXNativeTarget "CRUDTests" */ = {
			isa = XCConfigurationList;
			buildConfigurations = (
				D2CBCD62185B776C00A5FD11 /* Debug */,
				D2CBCD63185B776C00A5FD11 /* Release */,
			);
			defaultConfigurationIsVisible = 0;
		};
/* End XCConfigurationList section */

/* Begin XCVersionGroup section */
		D2CBCD3D185B776C00A5FD11 /* CRUD.xcdatamodeld */ = {
			isa = XCVersionGroup;
			children = (
				D2CBCD3E185B776C00A5FD11 /* CRUD.xcdatamodel */,
			);
			currentVersion = D2CBCD3E185B776C00A5FD11 /* CRUD.xcdatamodel */;
			path = CRUD.xcdatamodeld;
			sourceTree = "<group>";
			versionGroupType = wrapper.xcdatamodel;
		};
/* End XCVersionGroup section */
	};
	rootObject = D2CBCD18185B776C00A5FD11 /* Project object */;
}
